
Microsoft Visual Studio Solution File, Format Version 12.00
# Visual Studio 15
VisualStudioVersion = 15.0.27703.2000
MinimumVisualStudioVersion = 10.0.40219.1
Project("{9A19103F-16F7-4668-BE54-9A1E7A4F7556}") = "SriRamSoftwareSolutions", "FirstCoreApp\SriRamSoftwareSolutions.csproj", "{D28EE082-A31E-4CB4-B4F8-54A3E6D678D8}"
EndProject
Global
	GlobalSection(SolutionConfigurationPlatforms) = preSolution
		Debug|Any CPU = Debug|Any CPU
		Release|Any CPU = Release|Any CPU
	EndGlobalSection
	GlobalSection(ProjectConfigurationPlatforms) = postSolution
		{D28EE082-A31E-4CB4-B4F8-54A3E6D678D8}.Debug|Any CPU.ActiveCfg = Debug|Any CPU
		{D28EE082-A31E-4CB4-B4F8-54A3E6D678D8}.Debug|Any CPU.Build.0 = Debug|Any CPU
		{D28EE082-A31E-4CB4-B4F8-54A3E6D678D8}.Release|Any CPU.ActiveCfg = Release|Any CPU
		{D28EE082-A31E-4CB4-B4F8-54A3E6D678D8}.Release|Any CPU.Build.0 = Release|Any CPU
	EndGlobalSection
	GlobalSection(SolutionProperties) = preSolution
		HideSolutionNode = FALSE
	EndGlobalSection
	GlobalSection(ExtensibilityGlobals) = postSolution
		SolutionGuid = {8287F1F6-BA90-47DA-A57E-4CBFAD1CB280}
	EndGlobalSection
EndGlobal
